
Microsoft Visual Studio Solution File, Format Version 12.00
# Visual Studio Version 17
VisualStudioVersion = 17.4.33110.190
MinimumVisualStudioVersion = 10.0.40219.1
Project("{FAE04EC0-301F-11D3-BF4B-00C04F79EFBC}") = "RepetidorContagem", "RepetidorContagem\RepetidorContagem.csproj", "{ECE3015D-DE1D-4D49-B1AC-445A42B138D3}"
EndProject
Global
	GlobalSection(SolutionConfigurationPlatforms) = preSolution
		Debug|Any CPU = Debug|Any CPU
		Release|Any CPU = Release|Any CPU
	EndGlobalSection
	GlobalSection(ProjectConfigurationPlatforms) = postSolution
		{ECE3015D-DE1D-4D49-B1AC-445A42B138D3}.Debug|Any CPU.ActiveCfg = Debug|Any CPU
		{ECE3015D-DE1D-4D49-B1AC-445A42B138D3}.Debug|Any CPU.Build.0 = Debug|Any CPU
		{ECE3015D-DE1D-4D49-B1AC-445A42B138D3}.Release|Any CPU.ActiveCfg = Release|Any CPU
		{ECE3015D-DE1D-4D49-B1AC-445A42B138D3}.Release|Any CPU.Build.0 = Release|Any CPU
	EndGlobalSection
	GlobalSection(SolutionProperties) = preSolution
		HideSolutionNode = FALSE
	EndGlobalSection
	GlobalSection(ExtensibilityGlobals) = postSolution
		SolutionGuid = {14FF897C-4392-4397-82D3-D015CA9812D3}
	EndGlobalSection
EndGlobal
